github.com/Diarkis/diarkis v1.1.0-beta3.2 h1:Q9bA0TrHbjVzmWBTX3PPBTShibpCZLVg3tuC9ft9utI=
github.com/Diarkis/diarkis v1.1.0-beta3.2/go.mod h1:ioTl7Oa/JQkHg0hAfyQDSG2cyBs/u+sqKHWq2MpuFfI=
github.com/magefile/mage v1.15.0 h1:BvGheCMAsG3bWUDbZ8AyXXpCNwU9u5CB6sM+HNb9HYg=
github.com/magefile/mage v1.15.0/go.mod h1:z5UZb/iS3GoOSn0JgWuiw7dxlurVYTu+/jHXqQg881A=
golang.org/x/sys v0.25.0 h1:r+8e+loiHxRqhXVl6ML1nO3l1+oFoWbnlu2Ehimmi34=
golang.org/x/sys v0.25.0/go.mod h1:/VUhepiaJMQUp4+oa/7Zr1D23ma6VTLIYjOOTFZPUcA=
